
Microsoft Visual Studio Solution File, Format Version 12.00
# Visual Studio 15
Project("{2150E333-8FDC-42A3-9474-1A3956D46DE8}") = "Tests", "Tests", "{A888F91A-FAE8-4B0D-B030-3E141E87803C}"
EndProject
Project("{FAE04EC0-301F-11D3-BF4B-00C04F79EFBC}") = "Rest4Net.Tests.Common", "Tests\Rest4Net.Tests.Common\Rest4Net.Tests.Common.csproj", "{E8FD6910-E874-41FA-A945-DF48A33770E5}"
EndProject
Project("{FAE04EC0-301F-11D3-BF4B-00C04F79EFBC}") = "Rest4Net.Tests.Integration", "Tests\Rest4Net.Tests.Integration\Rest4Net.Tests.Integration.csproj", "{654E04A6-AEA4-499D-B6F6-C9F27C415AF4}"
EndProject
Project("{FAE04EC0-301F-11D3-BF4B-00C04F79EFBC}") = "Rest4Net.Tests.WebApi", "Tests\Rest4Net.Tests.WebApi\Rest4Net.Tests.WebApi.csproj", "{EAE40C15-CDFE-4BD1-BA90-7C81A694B2E7}"
EndProject
Project("{FAE04EC0-301F-11D3-BF4B-00C04F79EFBC}") = "Rest4NetCore", "Rest4NetCore\Rest4NetCore.csproj", "{1751E09B-5161-4BE2-9C22-D426D59A8A5D}"
EndProject
Global
	GlobalSection(SolutionConfigurationPlatforms) = preSolution
		Debug|Any CPU = Debug|Any CPU
		Release|Any CPU = Release|Any CPU
	EndGlobalSection
	GlobalSection(ProjectConfigurationPlatforms) = postSolution
		{E8FD6910-E874-41FA-A945-DF48A33770E5}.Debug|Any CPU.ActiveCfg = Debug|Any CPU
		{E8FD6910-E874-41FA-A945-DF48A33770E5}.Debug|Any CPU.Build.0 = Debug|Any CPU
		{E8FD6910-E874-41FA-A945-DF48A33770E5}.Release|Any CPU.ActiveCfg = Release|Any CPU
		{E8FD6910-E874-41FA-A945-DF48A33770E5}.Release|Any CPU.Build.0 = Release|Any CPU
		{654E04A6-AEA4-499D-B6F6-C9F27C415AF4}.Debug|Any CPU.ActiveCfg = Debug|Any CPU
		{654E04A6-AEA4-499D-B6F6-C9F27C415AF4}.Debug|Any CPU.Build.0 = Debug|Any CPU
		{654E04A6-AEA4-499D-B6F6-C9F27C415AF4}.Release|Any CPU.ActiveCfg = Release|Any CPU
		{654E04A6-AEA4-499D-B6F6-C9F27C415AF4}.Release|Any CPU.Build.0 = Release|Any CPU
		{EAE40C15-CDFE-4BD1-BA90-7C81A694B2E7}.Debug|Any CPU.ActiveCfg = Debug|Any CPU
		{EAE40C15-CDFE-4BD1-BA90-7C81A694B2E7}.Debug|Any CPU.Build.0 = Debug|Any CPU
		{EAE40C15-CDFE-4BD1-BA90-7C81A694B2E7}.Release|Any CPU.ActiveCfg = Release|Any CPU
		{EAE40C15-CDFE-4BD1-BA90-7C81A694B2E7}.Release|Any CPU.Build.0 = Release|Any CPU
		{1751E09B-5161-4BE2-9C22-D426D59A8A5D}.Debug|Any CPU.ActiveCfg = Debug|Any CPU
		{1751E09B-5161-4BE2-9C22-D426D59A8A5D}.Debug|Any CPU.Build.0 = Debug|Any CPU
		{1751E09B-5161-4BE2-9C22-D426D59A8A5D}.Release|Any CPU.ActiveCfg = Release|Any CPU
		{1751E09B-5161-4BE2-9C22-D426D59A8A5D}.Release|Any CPU.Build.0 = Release|Any CPU
	EndGlobalSection
	GlobalSection(NestedProjects) = preSolution
		{E8FD6910-E874-41FA-A945-DF48A33770E5} = {A888F91A-FAE8-4B0D-B030-3E141E87803C}
		{654E04A6-AEA4-499D-B6F6-C9F27C415AF4} = {A888F91A-FAE8-4B0D-B030-3E141E87803C}
		{EAE40C15-CDFE-4BD1-BA90-7C81A694B2E7} = {A888F91A-FAE8-4B0D-B030-3E141E87803C}
	EndGlobalSection
EndGlobal
