
Microsoft Visual Studio Solution File, Format Version 12.00
# Visual Studio 15
Project("{FAE04EC0-301F-11D3-BF4B-00C04F79EFBC}") = "Rest4Net", "Rest4Net\Rest4Net.csproj", "{964C5274-09C2-4429-9655-D1D5E9450BBB}"
EndProject
Project("{FAE04EC0-301F-11D3-BF4B-00C04F79EFBC}") = "Rest4Net.Tests", "Rest4Net.Tests\Rest4Net.Tests.csproj", "{0F6724F0-3BAA-4968-8534-157FF9A5DF81}"
EndProject
Global
	GlobalSection(SolutionConfigurationPlatforms) = preSolution
		Debug|Any CPU = Debug|Any CPU
		Release|Any CPU = Release|Any CPU
	EndGlobalSection
	GlobalSection(ProjectConfigurationPlatforms) = postSolution
		{964C5274-09C2-4429-9655-D1D5E9450BBB}.Debug|Any CPU.ActiveCfg = Debug|Any CPU
		{964C5274-09C2-4429-9655-D1D5E9450BBB}.Debug|Any CPU.Build.0 = Debug|Any CPU
		{964C5274-09C2-4429-9655-D1D5E9450BBB}.Release|Any CPU.ActiveCfg = Release|Any CPU
		{964C5274-09C2-4429-9655-D1D5E9450BBB}.Release|Any CPU.Build.0 = Release|Any CPU
		{0F6724F0-3BAA-4968-8534-157FF9A5DF81}.Debug|Any CPU.ActiveCfg = Debug|Any CPU
		{0F6724F0-3BAA-4968-8534-157FF9A5DF81}.Debug|Any CPU.Build.0 = Debug|Any CPU
		{0F6724F0-3BAA-4968-8534-157FF9A5DF81}.Release|Any CPU.ActiveCfg = Release|Any CPU
		{0F6724F0-3BAA-4968-8534-157FF9A5DF81}.Release|Any CPU.Build.0 = Release|Any CPU
	EndGlobalSection
EndGlobal
