
Microsoft Visual Studio Solution File, Format Version 12.00
# Visual Studio 15
Project("{FAE04EC0-301F-11D3-BF4B-00C04F79EFBC}") = "Rest4Net", "Rest4Net\Rest4Net.csproj", "{964C5274-09C2-4429-9655-D1D5E9450BBB}"
EndProject
Project("{2150E333-8FDC-42A3-9474-1A3956D46DE8}") = "Tests", "Tests", "{A888F91A-FAE8-4B0D-B030-3E141E87803C}"
EndProject
Project("{FAE04EC0-301F-11D3-BF4B-00C04F79EFBC}") = "Rest4Net.Tests.Common", "Rest4Net.Tests.Common\Rest4Net.Tests.Common.csproj", "{8D632B7C-41C0-4C88-9AB0-F856A8B3BD3B}"
EndProject
Project("{FAE04EC0-301F-11D3-BF4B-00C04F79EFBC}") = "Rest4Net.Tests.Integration", "Rest4Net.Tests.Common\Rest4Net.Tests.Integration\Rest4Net.Tests.Integration.csproj", "{B158C783-836A-4392-9CDE-B74A3149A6F6}"
EndProject
Global
	GlobalSection(SolutionConfigurationPlatforms) = preSolution
		Debug|Any CPU = Debug|Any CPU
		Release|Any CPU = Release|Any CPU
	EndGlobalSection
	GlobalSection(ProjectConfigurationPlatforms) = postSolution
		{964C5274-09C2-4429-9655-D1D5E9450BBB}.Debug|Any CPU.ActiveCfg = Debug|Any CPU
		{964C5274-09C2-4429-9655-D1D5E9450BBB}.Debug|Any CPU.Build.0 = Debug|Any CPU
		{964C5274-09C2-4429-9655-D1D5E9450BBB}.Release|Any CPU.ActiveCfg = Release|Any CPU
		{964C5274-09C2-4429-9655-D1D5E9450BBB}.Release|Any CPU.Build.0 = Release|Any CPU
		{8D632B7C-41C0-4C88-9AB0-F856A8B3BD3B}.Debug|Any CPU.ActiveCfg = Debug|Any CPU
		{8D632B7C-41C0-4C88-9AB0-F856A8B3BD3B}.Debug|Any CPU.Build.0 = Debug|Any CPU
		{8D632B7C-41C0-4C88-9AB0-F856A8B3BD3B}.Release|Any CPU.ActiveCfg = Release|Any CPU
		{8D632B7C-41C0-4C88-9AB0-F856A8B3BD3B}.Release|Any CPU.Build.0 = Release|Any CPU
		{B158C783-836A-4392-9CDE-B74A3149A6F6}.Debug|Any CPU.ActiveCfg = Debug|Any CPU
		{B158C783-836A-4392-9CDE-B74A3149A6F6}.Debug|Any CPU.Build.0 = Debug|Any CPU
		{B158C783-836A-4392-9CDE-B74A3149A6F6}.Release|Any CPU.ActiveCfg = Release|Any CPU
		{B158C783-836A-4392-9CDE-B74A3149A6F6}.Release|Any CPU.Build.0 = Release|Any CPU
	EndGlobalSection
	GlobalSection(NestedProjects) = preSolution
		{8D632B7C-41C0-4C88-9AB0-F856A8B3BD3B} = {A888F91A-FAE8-4B0D-B030-3E141E87803C}
		{B158C783-836A-4392-9CDE-B74A3149A6F6} = {A888F91A-FAE8-4B0D-B030-3E141E87803C}
	EndGlobalSection
EndGlobal
